[[package]]
name = "cftime"
version = "1.6.2"
description = "Time-handling functionality from netcdf4-python"
category = "main"
optional = false
python-versions = ">=3.7"

[package.dependencies]
numpy = ">1.13.3"

[[package]]
name = "joblib"
version = "1.2.0"
description = "Lightweight pipelining with Python functions"
category = "main"
optional = false
python-versions = ">=3.7"

[[package]]
name = "netcdf4"
version = "1.6.1"
description = "Provides an object-oriented python interface to the netCDF version 4 library."
category = "main"
optional = false
python-versions = "*"

[package.dependencies]
cftime = "*"
numpy = ">=1.9"

[[package]]
name = "numpy"
version = "1.23.3"
description = "NumPy is the fundamental package for array computing with Python."
category = "main"
optional = false
python-versions = ">=3.8"

[[package]]
name = "pillow"
version = "9.2.0"
description = "Python Imaging Library (Fork)"
category = "main"
optional = false
python-versions = ">=3.7"

[package.extras]
docs = ["furo", "olefile", "sphinx (>=2.4)", "sphinx-copybutton", "sphinx-issues (>=3.0.1)", "sphinx-removed-in", "sphinxext-opengraph"]
tests = ["check-manifest", "coverage", "defusedxml", "markdown2", "olefile", "packaging", "pyroma", "pytest", "pytest-cov", "pytest-timeout"]

[[package]]
name = "scikit-learn"
version = "1.1.2"
description = "A set of python modules for machine learning and data mining"
category = "main"
optional = false
python-versions = ">=3.8"

[package.dependencies]
joblib = ">=1.0.0"
numpy = ">=1.17.3"
scipy = ">=1.3.2"
threadpoolctl = ">=2.0.0"

[package.extras]
tests = ["numpydoc (>=1.2.0)", "pyamg (>=4.0.0)", "mypy (>=0.961)", "black (>=22.3.0)", "flake8 (>=3.8.2)", "pytest-cov (>=2.9.0)", "pytest (>=5.0.1)", "pandas (>=1.0.5)", "scikit-image (>=0.16.2)", "matplotlib (>=3.1.2)"]
examples = ["seaborn (>=0.9.0)", "pandas (>=1.0.5)", "scikit-image (>=0.16.2)", "matplotlib (>=3.1.2)"]
docs = ["sphinxext-opengraph (>=0.4.2)", "sphinx-prompt (>=1.3.0)", "Pillow (>=7.1.2)", "numpydoc (>=1.2.0)", "sphinx-gallery (>=0.7.0)", "sphinx (>=4.0.1)", "memory-profiler (>=0.57.0)", "seaborn (>=0.9.0)", "pandas (>=1.0.5)", "scikit-image (>=0.16.2)", "matplotlib (>=3.1.2)"]
benchmark = ["memory-profiler (>=0.57.0)", "pandas (>=1.0.5)", "matplotlib (>=3.1.2)"]

[[package]]
name = "scipy"
version = "1.9.2"
description = "Fundamental algorithms for scientific computing in Python"
category = "main"
optional = false
python-versions = ">=3.8"

[package.dependencies]
numpy = ">=1.18.5,<1.26.0"

[package.extras]
test = ["pytest", "pytest-cov", "pytest-xdist", "asv", "mpmath", "gmpy2", "threadpoolctl", "scikit-umfpack"]
doc = ["sphinx (!=4.1.0)", "pydata-sphinx-theme (==0.9.0)", "sphinx-panels (>=0.5.2)", "matplotlib (>2)", "numpydoc", "sphinx-tabs"]
dev = ["mypy", "typing-extensions", "pycodestyle", "flake8"]

[[package]]
name = "sklearn"
version = "0.0"
description = "A set of python modules for machine learning and data mining"
category = "main"
optional = false
python-versions = "*"

[package.dependencies]
scikit-learn = "*"

[[package]]
name = "threadpoolctl"
version = "3.1.0"
description = "threadpoolctl"
category = "main"
optional = false
python-versions = ">=3.6"

[metadata]
lock-version = "1.1"
python-versions = "^3.9"
content-hash = "34ed757681dc12e9729aca50fdf4a119330c9e5a6969d705c6ced38df69771d3"

[metadata.files]
cftime = []
joblib = []
netcdf4 = []
numpy = []
pillow = []
scikit-learn = []
scipy = []
sklearn = []
threadpoolctl = []
